<?xml version="1.0" encoding="utf-8"?>
<Project ToolsVersion="4.0" xmlns="http://schemas.microsoft.com/developer/msbuild/2003">
  <ItemGroup>
    <Filter Include="源文件">
      <UniqueIdentifier>{4FC737F1-C7A5-4376-A066-2A32D752A2FF}</UniqueIdentifier>
      <Extensions>cpp;c;cc;cxx;c++;cppm;ixx;def;odl;idl;hpj;bat;asm;asmx</Extensions>
    </Filter>
    <Filter Include="头文件">
      <UniqueIdentifier>{93995380-89BD-4b04-88EB-625FBE52EBFB}</UniqueIdentifier>
      <Extensions>h;hh;hpp;hxx;h++;hm;inl;inc;ipp;xsd</Extensions>
    </Filter>
    <Filter Include="资源文件">
      <UniqueIdentifier>{67DA6AB6-F800-4c08-8B7A-83BB121AAD01}</UniqueIdentifier>
      <Extensions>rc;ico;cur;bmp;dlg;rc2;rct;bin;rgs;gif;jpg;jpeg;jpe;resx;tiff;tif;png;wav;mfcribbon-ms</Extensions>
    </Filter>
    <Filter Include="头文件\POJO">
      <UniqueIdentifier>{500ab370-f5bd-45e2-85ba-09f0c070df32}</UniqueIdentifier>
    </Filter>
    <Filter Include="头文件\State">
      <UniqueIdentifier>{8f766a8f-a05e-4739-b3ac-740baf21b0d3}</UniqueIdentifier>
    </Filter>
    <Filter Include="源文件\State">
      <UniqueIdentifier>{79e9db4a-01ed-49ac-a582-f8220ff22a52}</UniqueIdentifier>
    </Filter>
    <Filter Include="源文件\POJO">
      <UniqueIdentifier>{2a70cbfa-d398-45a4-b875-c1d010824c4b}</UniqueIdentifier>
    </Filter>
    <Filter Include="头文件\ORM">
      <UniqueIdentifier>{2f5c2c43-dda8-4485-8bdb-fc82666b997e}</UniqueIdentifier>
    </Filter>
    <Filter Include="源文件\ORM">
      <UniqueIdentifier>{6d4c2daf-ee67-4324-b6b8-a5954d031c90}</UniqueIdentifier>
    </Filter>
  </ItemGroup>
  <ItemGroup>
    <ClCompile Include="main.cpp">
      <Filter>源文件</Filter>
    </ClCompile>
    <ClCompile Include="Raft.cpp">
      <Filter>源文件</Filter>
    </ClCompile>
    <ClCompile Include="TimeoutCounter.cpp">
      <Filter>源文件</Filter>
    </ClCompile>
    <ClCompile Include="AppendEntries.cpp">
      <Filter>源文件\POJO</Filter>
    </ClCompile>
    <ClCompile Include="RequestVote.cpp">
      <Filter>源文件\POJO</Filter>
    </ClCompile>
    <ClCompile Include="POJO.cpp">
      <Filter>源文件\POJO</Filter>
    </ClCompile>
    <ClCompile Include="LogEntry.cpp">
      <Filter>源文件\POJO</Filter>
    </ClCompile>
    <ClCompile Include="Candidate.cpp">
      <Filter>源文件\State</Filter>
    </ClCompile>
    <ClCompile Include="Follower.cpp">
      <Filter>源文件\State</Filter>
    </ClCompile>
    <ClCompile Include="Leader.cpp">
      <Filter>源文件\State</Filter>
    </ClCompile>
    <ClCompile Include="State.cpp">
      <Filter>源文件\State</Filter>
    </ClCompile>
    <ClCompile Include="FileOperator.cpp">
      <Filter>源文件\ORM</Filter>
    </ClCompile>
    <ClCompile Include="ServerAddressReader.cpp">
      <Filter>源文件\ORM</Filter>
    </ClCompile>
    <ClCompile Include="Answer.cpp">
      <Filter>源文件\POJO</Filter>
    </ClCompile>
  </ItemGroup>
  <ItemGroup>
    <ClInclude Include="Raft.h">
      <Filter>头文件</Filter>
    </ClInclude>
    <ClInclude Include="TimeoutCounter.h">
      <Filter>头文件</Filter>
    </ClInclude>
    <ClInclude Include="AppendEntries.h">
      <Filter>头文件\POJO</Filter>
    </ClInclude>
    <ClInclude Include="POJO.h">
      <Filter>头文件\POJO</Filter>
    </ClInclude>
    <ClInclude Include="LogEntry.h">
      <Filter>头文件\POJO</Filter>
    </ClInclude>
    <ClInclude Include="RequestVote.h">
      <Filter>头文件\POJO</Filter>
    </ClInclude>
    <ClInclude Include="Candidate.h">
      <Filter>头文件\State</Filter>
    </ClInclude>
    <ClInclude Include="Follower.h">
      <Filter>头文件\State</Filter>
    </ClInclude>
    <ClInclude Include="Leader.h">
      <Filter>头文件\State</Filter>
    </ClInclude>
    <ClInclude Include="State.h">
      <Filter>头文件\State</Filter>
    </ClInclude>
    <ClInclude Include="source.h">
      <Filter>头文件</Filter>
    </ClInclude>
    <ClInclude Include="FileOperator.h">
      <Filter>头文件\ORM</Filter>
    </ClInclude>
    <ClInclude Include="ServerAddressReader.h">
      <Filter>头文件\ORM</Filter>
    </ClInclude>
    <ClInclude Include="Answer.h">
      <Filter>头文件\POJO</Filter>
    </ClInclude>
  </ItemGroup>
  <ItemGroup>
    <ResourceCompile Include="Raft.rc">
      <Filter>资源文件</Filter>
    </ResourceCompile>
  </ItemGroup>
</Project>